
Microsoft Visual Studio Solution File, Format Version 12.00
# Visual Studio Version 16
VisualStudioVersion = 16.0.30503.244
MinimumVisualStudioVersion = 10.0.40219.1
Project("{FAE04EC0-301F-11D3-BF4B-00C04F79EFBC}") = "WireMock.GUI", "WireMock.GUI\WireMock.GUI.csproj", "{49AC9E17-1894-4BE5-B421-782CAD8BB2CC}"
EndProject
Project("{FAE04EC0-301F-11D3-BF4B-00C04F79EFBC}") = "WireMock.GUI.Test", "WireMock.GUI.Test\WireMock.GUI.Test.csproj", "{D6032DE1-A790-4D66-A123-12C552B015CE}"
EndProject
Global
	GlobalSection(SolutionConfigurationPlatforms) = preSolution
		Debug|Any CPU = Debug|Any CPU
		Release|Any CPU = Release|Any CPU
	EndGlobalSection
	GlobalSection(ProjectConfigurationPlatforms) = postSolution
		{49AC9E17-1894-4BE5-B421-782CAD8BB2CC}.Debug|Any CPU.ActiveCfg = Debug|Any CPU
		{49AC9E17-1894-4BE5-B421-782CAD8BB2CC}.Debug|Any CPU.Build.0 = Debug|Any CPU
		{49AC9E17-1894-4BE5-B421-782CAD8BB2CC}.Release|Any CPU.ActiveCfg = Release|Any CPU
		{49AC9E17-1894-4BE5-B421-782CAD8BB2CC}.Release|Any CPU.Build.0 = Release|Any CPU
		{D6032DE1-A790-4D66-A123-12C552B015CE}.Debug|Any CPU.ActiveCfg = Debug|Any CPU
		{D6032DE1-A790-4D66-A123-12C552B015CE}.Debug|Any CPU.Build.0 = Debug|Any CPU
		{D6032DE1-A790-4D66-A123-12C552B015CE}.Release|Any CPU.ActiveCfg = Release|Any CPU
		{D6032DE1-A790-4D66-A123-12C552B015CE}.Release|Any CPU.Build.0 = Release|Any CPU
	EndGlobalSection
	GlobalSection(SolutionProperties) = preSolution
		HideSolutionNode = FALSE
	EndGlobalSection
	GlobalSection(ExtensibilityGlobals) = postSolution
		SolutionGuid = {09E3FAA2-079D-483D-A05F-DCAFFE274FCA}
	EndGlobalSection
EndGlobal
