
Microsoft Visual Studio Solution File, Format Version 12.00
# Visual Studio Version 16
VisualStudioVersion = 16.0.30503.244
MinimumVisualStudioVersion = 10.0.40219.1
Project("{FAE04EC0-301F-11D3-BF4B-00C04F79EFBC}") = "WireMock.GUI", "WireMock.GUI\WireMock.GUI.csproj", "{A0B9AE07-3612-4659-AE77-DB8DEA2C8EC9}"
EndProject
Project("{FAE04EC0-301F-11D3-BF4B-00C04F79EFBC}") = "WireMock.GUI.Test", "WireMock.GUI.Test\WireMock.GUI.Test.csproj", "{5F5D4406-1028-4520-8F56-95971A2C6F03}"
EndProject
Global
	GlobalSection(SolutionConfigurationPlatforms) = preSolution
		Debug|Any CPU = Debug|Any CPU
		Release|Any CPU = Release|Any CPU
	EndGlobalSection
	GlobalSection(ProjectConfigurationPlatforms) = postSolution
		{A0B9AE07-3612-4659-AE77-DB8DEA2C8EC9}.Debug|Any CPU.ActiveCfg = Debug|Any CPU
		{A0B9AE07-3612-4659-AE77-DB8DEA2C8EC9}.Debug|Any CPU.Build.0 = Debug|Any CPU
		{A0B9AE07-3612-4659-AE77-DB8DEA2C8EC9}.Release|Any CPU.ActiveCfg = Release|Any CPU
		{A0B9AE07-3612-4659-AE77-DB8DEA2C8EC9}.Release|Any CPU.Build.0 = Release|Any CPU
		{5F5D4406-1028-4520-8F56-95971A2C6F03}.Debug|Any CPU.ActiveCfg = Debug|Any CPU
		{5F5D4406-1028-4520-8F56-95971A2C6F03}.Debug|Any CPU.Build.0 = Debug|Any CPU
		{5F5D4406-1028-4520-8F56-95971A2C6F03}.Release|Any CPU.ActiveCfg = Release|Any CPU
		{5F5D4406-1028-4520-8F56-95971A2C6F03}.Release|Any CPU.Build.0 = Release|Any CPU
	EndGlobalSection
	GlobalSection(SolutionProperties) = preSolution
		HideSolutionNode = FALSE
	EndGlobalSection
	GlobalSection(ExtensibilityGlobals) = postSolution
		SolutionGuid = {09E3FAA2-079D-483D-A05F-DCAFFE274FCA}
	EndGlobalSection
EndGlobal
